
Microsoft Visual Studio Solution File, Format Version 12.00
# Visual Studio 15
VisualStudioVersion = 15.0.28010.2003
MinimumVisualStudioVersion = 10.0.40219.1
Project("{FAE04EC0-301F-11D3-BF4B-00C04F79EFBC}") = "ITNVAvayaSMSHuntService", "ITNVAvayaSMSHuntService\ITNVAvayaSMSHuntService.csproj", "{0805CD1F-CCB5-4086-B07F-E5CC07E8CAFA}"
EndProject
Global
	GlobalSection(SolutionConfigurationPlatforms) = preSolution
		Debug|Any CPU = Debug|Any CPU
		Release|Any CPU = Release|Any CPU
	EndGlobalSection
	GlobalSection(ProjectConfigurationPlatforms) = postSolution
		{0805CD1F-CCB5-4086-B07F-E5CC07E8CAFA}.Debug|Any CPU.ActiveCfg = Debug|Any CPU
		{0805CD1F-CCB5-4086-B07F-E5CC07E8CAFA}.Debug|Any CPU.Build.0 = Debug|Any CPU
		{0805CD1F-CCB5-4086-B07F-E5CC07E8CAFA}.Release|Any CPU.ActiveCfg = Release|Any CPU
		{0805CD1F-CCB5-4086-B07F-E5CC07E8CAFA}.Release|Any CPU.Build.0 = Release|Any CPU
	EndGlobalSection
	GlobalSection(SolutionProperties) = preSolution
		HideSolutionNode = FALSE
	EndGlobalSection
	GlobalSection(ExtensibilityGlobals) = postSolution
		SolutionGuid = {34B8F69B-B1F7-469D-A6F2-97E965BCF146}
	EndGlobalSection
EndGlobal
